
Microsoft Visual Studio Solution File, Format Version 12.00
# Visual Studio 14
VisualStudioVersion = 14.0.25123.0
MinimumVisualStudioVersion = 10.0.40219.1
Project("{FAE04EC0-301F-11D3-BF4B-00C04F79EFBC}") = "WindowsForm", "WindowsForm\WindowsForm.csproj", "{F6FB916D-AE7B-4590-A5EA-3A1888CD8339}"
EndProject
Project("{FAE04EC0-301F-11D3-BF4B-00C04F79EFBC}") = "Ado.NET", "Ado.NET\Ado.NET.csproj", "{9201FEEA-B5DE-45AB-BEBD-98ABB3D0B13D}"
EndProject
Project("{FAE04EC0-301F-11D3-BF4B-00C04F79EFBC}") = "EFExample", "EFExample\EFExample.csproj", "{DE5B7988-EEB3-4491-AAE2-81F95404E100}"
EndProject
Project("{FAE04EC0-301F-11D3-BF4B-00C04F79EFBC}") = "JSONparsing", "JSONparsing\JSONparsing.csproj", "{F3A0FA7D-0FB9-4322-B5E8-27449E4B2A1F}"
EndProject
Global
	GlobalSection(SolutionConfigurationPlatforms) = preSolution
		Debug|Any CPU = Debug|Any CPU
		Release|Any CPU = Release|Any CPU
	EndGlobalSection
	GlobalSection(ProjectConfigurationPlatforms) = postSolution
		{F6FB916D-AE7B-4590-A5EA-3A1888CD8339}.Debug|Any CPU.ActiveCfg = Debug|Any CPU
		{F6FB916D-AE7B-4590-A5EA-3A1888CD8339}.Debug|Any CPU.Build.0 = Debug|Any CPU
		{F6FB916D-AE7B-4590-A5EA-3A1888CD8339}.Release|Any CPU.ActiveCfg = Release|Any CPU
		{F6FB916D-AE7B-4590-A5EA-3A1888CD8339}.Release|Any CPU.Build.0 = Release|Any CPU
		{9201FEEA-B5DE-45AB-BEBD-98ABB3D0B13D}.Debug|Any CPU.ActiveCfg = Debug|Any CPU
		{9201FEEA-B5DE-45AB-BEBD-98ABB3D0B13D}.Debug|Any CPU.Build.0 = Debug|Any CPU
		{9201FEEA-B5DE-45AB-BEBD-98ABB3D0B13D}.Release|Any CPU.ActiveCfg = Release|Any CPU
		{9201FEEA-B5DE-45AB-BEBD-98ABB3D0B13D}.Release|Any CPU.Build.0 = Release|Any CPU
		{DE5B7988-EEB3-4491-AAE2-81F95404E100}.Debug|Any CPU.ActiveCfg = Debug|Any CPU
		{DE5B7988-EEB3-4491-AAE2-81F95404E100}.Debug|Any CPU.Build.0 = Debug|Any CPU
		{DE5B7988-EEB3-4491-AAE2-81F95404E100}.Release|Any CPU.ActiveCfg = Release|Any CPU
		{DE5B7988-EEB3-4491-AAE2-81F95404E100}.Release|Any CPU.Build.0 = Release|Any CPU
		{F3A0FA7D-0FB9-4322-B5E8-27449E4B2A1F}.Debug|Any CPU.ActiveCfg = Debug|Any CPU
		{F3A0FA7D-0FB9-4322-B5E8-27449E4B2A1F}.Debug|Any CPU.Build.0 = Debug|Any CPU
		{F3A0FA7D-0FB9-4322-B5E8-27449E4B2A1F}.Release|Any CPU.ActiveCfg = Release|Any CPU
		{F3A0FA7D-0FB9-4322-B5E8-27449E4B2A1F}.Release|Any CPU.Build.0 = Release|Any CPU
	EndGlobalSection
	GlobalSection(SolutionProperties) = preSolution
		HideSolutionNode = FALSE
	EndGlobalSection
EndGlobal
